
Microsoft Visual Studio Solution File, Format Version 12.00
# Visual Studio Version 17
VisualStudioVersion = 17.9.34616.47
MinimumVisualStudioVersion = 10.0.40219.1
Project("{8BC9CEB8-8B4A-11D0-8D11-00A0C91BC942}") = "Threadpool", "Threadpool\Threadpool.vcxproj", "{612F7DDA-AD8B-4B5D-B179-A4A6DDD20B00}"
EndProject
Project("{8BC9CEB8-8B4A-11D0-8D11-00A0C91BC942}") = "线程池项目最终版", "线程池项目最终版\线程池项目最终版.vcxproj", "{2AA24D28-76EB-41D0-9DD4-3E10FFA46D7F}"
EndProject
Project("{8BC9CEB8-8B4A-11D0-8D11-00A0C91BC942}") = "MysqlConnectionPool", "MysqlConnectionPool\MysqlConnectionPool.vcxproj", "{FF5572FB-1FB0-42D6-A7F7-B621FC904E75}"
EndProject
Global
	GlobalSection(SolutionConfigurationPlatforms) = preSolution
		Debug|x64 = Debug|x64
		Debug|x86 = Debug|x86
		Release|x64 = Release|x64
		Release|x86 = Release|x86
	EndGlobalSection
	GlobalSection(ProjectConfigurationPlatforms) = postSolution
		{612F7DDA-AD8B-4B5D-B179-A4A6DDD20B00}.Debug|x64.ActiveCfg = Debug|x64
		{612F7DDA-AD8B-4B5D-B179-A4A6DDD20B00}.Debug|x64.Build.0 = Debug|x64
		{612F7DDA-AD8B-4B5D-B179-A4A6DDD20B00}.Debug|x86.ActiveCfg = Debug|Win32
		{612F7DDA-AD8B-4B5D-B179-A4A6DDD20B00}.Debug|x86.Build.0 = Debug|Win32
		{612F7DDA-AD8B-4B5D-B179-A4A6DDD20B00}.Release|x64.ActiveCfg = Release|x64
		{612F7DDA-AD8B-4B5D-B179-A4A6DDD20B00}.Release|x64.Build.0 = Release|x64
		{612F7DDA-AD8B-4B5D-B179-A4A6DDD20B00}.Release|x86.ActiveCfg = Release|Win32
		{612F7DDA-AD8B-4B5D-B179-A4A6DDD20B00}.Release|x86.Build.0 = Release|Win32
		{2AA24D28-76EB-41D0-9DD4-3E10FFA46D7F}.Debug|x64.ActiveCfg = Debug|x64
		{2AA24D28-76EB-41D0-9DD4-3E10FFA46D7F}.Debug|x64.Build.0 = Debug|x64
		{2AA24D28-76EB-41D0-9DD4-3E10FFA46D7F}.Debug|x86.ActiveCfg = Debug|Win32
		{2AA24D28-76EB-41D0-9DD4-3E10FFA46D7F}.Debug|x86.Build.0 = Debug|Win32
		{2AA24D28-76EB-41D0-9DD4-3E10FFA46D7F}.Release|x64.ActiveCfg = Release|x64
		{2AA24D28-76EB-41D0-9DD4-3E10FFA46D7F}.Release|x64.Build.0 = Release|x64
		{2AA24D28-76EB-41D0-9DD4-3E10FFA46D7F}.Release|x86.ActiveCfg = Release|Win32
		{2AA24D28-76EB-41D0-9DD4-3E10FFA46D7F}.Release|x86.Build.0 = Release|Win32
		{FF5572FB-1FB0-42D6-A7F7-B621FC904E75}.Debug|x64.ActiveCfg = Debug|x64
		{FF5572FB-1FB0-42D6-A7F7-B621FC904E75}.Debug|x64.Build.0 = Debug|x64
		{FF5572FB-1FB0-42D6-A7F7-B621FC904E75}.Debug|x86.ActiveCfg = Debug|Win32
		{FF5572FB-1FB0-42D6-A7F7-B621FC904E75}.Debug|x86.Build.0 = Debug|Win32
		{FF5572FB-1FB0-42D6-A7F7-B621FC904E75}.Release|x64.ActiveCfg = Release|x64
		{FF5572FB-1FB0-42D6-A7F7-B621FC904E75}.Release|x64.Build.0 = Release|x64
		{FF5572FB-1FB0-42D6-A7F7-B621FC904E75}.Release|x86.ActiveCfg = Release|Win32
		{FF5572FB-1FB0-42D6-A7F7-B621FC904E75}.Release|x86.Build.0 = Release|Win32
	EndGlobalSection
	GlobalSection(SolutionProperties) = preSolution
		HideSolutionNode = FALSE
	EndGlobalSection
	GlobalSection(ExtensibilityGlobals) = postSolution
		SolutionGuid = {CC62D635-AE84-4D78-8324-94A132303AB8}
	EndGlobalSection
EndGlobal
